
Microsoft Visual Studio Solution File, Format Version 12.00
# Visual Studio Version 17
VisualStudioVersion = 17.13.35806.99 d17.13
MinimumVisualStudioVersion = 10.0.40219.1
Project("{FAE04EC0-301F-11D3-BF4B-00C04F79EFBC}") = "CapaNegocio", "CapaNegocio\CapaNegocio.csproj", "{90C4FEC4-69C7-4F20-A8FE-65E39C4EDA8D}"
EndProject
Project("{FAE04EC0-301F-11D3-BF4B-00C04F79EFBC}") = "CapaDatos", "CapaDatos\CapaDatos.csproj", "{05A111C2-C8DE-432C-94A9-BBC8E596735E}"
EndProject
Project("{FAE04EC0-301F-11D3-BF4B-00C04F79EFBC}") = "CapaPresentacion", "CapaPresentacion\CapaPresentacion.csproj", "{BC95701C-43ED-4D45-8B67-BFEEB777F884}"
EndProject
Project("{FAE04EC0-301F-11D3-BF4B-00C04F79EFBC}") = "CapaNegocioTest", "CapaNegocioTest\CapaNegocioTest.csproj", "{CCBDFA25-4369-4234-B981-B80999FC1F54}"
EndProject
Project("{FAE04EC0-301F-11D3-BF4B-00C04F79EFBC}") = "CapaDatosMemoria", "ClassLibrary1\CapaDatosMemoria.csproj", "{AF754D35-C907-4301-A9C0-B8CB681B8AD0}"
EndProject
Global
	GlobalSection(SolutionConfigurationPlatforms) = preSolution
		Debug|Any CPU = Debug|Any CPU
		Release|Any CPU = Release|Any CPU
	EndGlobalSection
	GlobalSection(ProjectConfigurationPlatforms) = postSolution
		{90C4FEC4-69C7-4F20-A8FE-65E39C4EDA8D}.Debug|Any CPU.ActiveCfg = Debug|Any CPU
		{90C4FEC4-69C7-4F20-A8FE-65E39C4EDA8D}.Debug|Any CPU.Build.0 = Debug|Any CPU
		{90C4FEC4-69C7-4F20-A8FE-65E39C4EDA8D}.Release|Any CPU.ActiveCfg = Release|Any CPU
		{90C4FEC4-69C7-4F20-A8FE-65E39C4EDA8D}.Release|Any CPU.Build.0 = Release|Any CPU
		{05A111C2-C8DE-432C-94A9-BBC8E596735E}.Debug|Any CPU.ActiveCfg = Debug|Any CPU
		{05A111C2-C8DE-432C-94A9-BBC8E596735E}.Debug|Any CPU.Build.0 = Debug|Any CPU
		{05A111C2-C8DE-432C-94A9-BBC8E596735E}.Release|Any CPU.ActiveCfg = Release|Any CPU
		{05A111C2-C8DE-432C-94A9-BBC8E596735E}.Release|Any CPU.Build.0 = Release|Any CPU
		{BC95701C-43ED-4D45-8B67-BFEEB777F884}.Debug|Any CPU.ActiveCfg = Debug|Any CPU
		{BC95701C-43ED-4D45-8B67-BFEEB777F884}.Debug|Any CPU.Build.0 = Debug|Any CPU
		{BC95701C-43ED-4D45-8B67-BFEEB777F884}.Release|Any CPU.ActiveCfg = Release|Any CPU
		{BC95701C-43ED-4D45-8B67-BFEEB777F884}.Release|Any CPU.Build.0 = Release|Any CPU
		{CCBDFA25-4369-4234-B981-B80999FC1F54}.Debug|Any CPU.ActiveCfg = Debug|Any CPU
		{CCBDFA25-4369-4234-B981-B80999FC1F54}.Debug|Any CPU.Build.0 = Debug|Any CPU
		{CCBDFA25-4369-4234-B981-B80999FC1F54}.Release|Any CPU.ActiveCfg = Release|Any CPU
		{CCBDFA25-4369-4234-B981-B80999FC1F54}.Release|Any CPU.Build.0 = Release|Any CPU
		{AF754D35-C907-4301-A9C0-B8CB681B8AD0}.Debug|Any CPU.ActiveCfg = Debug|Any CPU
		{AF754D35-C907-4301-A9C0-B8CB681B8AD0}.Debug|Any CPU.Build.0 = Debug|Any CPU
		{AF754D35-C907-4301-A9C0-B8CB681B8AD0}.Release|Any CPU.ActiveCfg = Release|Any CPU
		{AF754D35-C907-4301-A9C0-B8CB681B8AD0}.Release|Any CPU.Build.0 = Release|Any CPU
	EndGlobalSection
	GlobalSection(SolutionProperties) = preSolution
		HideSolutionNode = FALSE
	EndGlobalSection
	GlobalSection(ExtensibilityGlobals) = postSolution
		SolutionGuid = {AE3393F6-6240-4C01-AAAC-4AAFF6D81506}
	EndGlobalSection
EndGlobal
